// !$*UTF8*$!
{
	archiveVersion = 1;
	classes = {
	};
	objectVersion = 56;
	objects = {

/* Begin PBXBuildFile section */
		6767659128CEB93B00DB6C85 /* CNNUseCase Watch App.app in Embed Watch Content */ = {isa = PBXBuildFile; fileRef = 6767659028CEB93B00DB6C85 /* CNNUseCase Watch App.app */; settings = {ATTRIBUTES = (RemoveHeadersOnCopy, ); }; };
		6767659628CEB93B00DB6C85 /* CNNUseCaseApp.swift in Sources */ = {isa = PBXBuildFile; fileRef = 6767659528CEB93B00DB6C85 /* CNNUseCaseApp.swift */; };
		6767659828CEB93B00DB6C85 /* ContentView.swift in Sources */ = {isa = PBXBuildFile; fileRef = 6767659728CEB93B00DB6C85 /* ContentView.swift */; };
		6767659A28CEB93C00DB6C85 /* Assets.xcassets in Resources */ = {isa = PBXBuildFile; fileRef = 6767659928CEB93C00DB6C85 /* Assets.xcassets */; };
		6767659D28CEB93C00DB6C85 /* Preview Assets.xcassets in Resources */ = {isa = PBXBuildFile; fileRef = 6767659C28CEB93C00DB6C85 /* Preview Assets.xcassets */; };
		676765A828CEB97600DB6C85 /* MenuView.swift in Sources */ = {isa = PBXBuildFile; fileRef = 676765A728CEB97600DB6C85 /* MenuView.swift */; };
		676765AA28CEB9A700DB6C85 /* ExtensionDelegate.swift in Sources */ = {isa = PBXBuildFile; fileRef = 676765A928CEB9A700DB6C85 /* ExtensionDelegate.swift */; };
		6791C87428CEBD7400033A23 /* AEPOptimize in Frameworks */ = {isa = PBXBuildFile; productRef = 6791C87328CEBD7400033A23 /* AEPOptimize */; };
		6791C87728CEBD8100033A23 /* AEPUserProfile in Frameworks */ = {isa = PBXBuildFile; productRef = 6791C87628CEBD8100033A23 /* AEPUserProfile */; };
		6791C87A28CEBD9200033A23 /* AEPEdgeConsent in Frameworks */ = {isa = PBXBuildFile; productRef = 6791C87928CEBD9200033A23 /* AEPEdgeConsent */; };
		6791C87D28CEBD9E00033A23 /* AEPEdge in Frameworks */ = {isa = PBXBuildFile; productRef = 6791C87C28CEBD9E00033A23 /* AEPEdge */; };
		6791C88028CEBDAC00033A23 /* AEPEdgeIdentity in Frameworks */ = {isa = PBXBuildFile; productRef = 6791C87F28CEBDAC00033A23 /* AEPEdgeIdentity */; };
		6791C88328CEBDBA00033A23 /* AEPMessaging in Frameworks */ = {isa = PBXBuildFile; productRef = 6791C88228CEBDBA00033A23 /* AEPMessaging */; };
		6791C88628CEBDE000033A23 /* AEPCore in Frameworks */ = {isa = PBXBuildFile; productRef = 6791C88528CEBDE000033A23 /* AEPCore */; };
		6791C88828CEBDE000033A23 /* AEPIdentity in Frameworks */ = {isa = PBXBuildFile; productRef = 6791C88728CEBDE000033A23 /* AEPIdentity */; };
		6791C88A28CEBDE000033A23 /* AEPLifecycle in Frameworks */ = {isa = PBXBuildFile; productRef = 6791C88928CEBDE000033A23 /* AEPLifecycle */; };
		6791C88C28CEBDE000033A23 /* AEPServices in Frameworks */ = {isa = PBXBuildFile; productRef = 6791C88B28CEBDE000033A23 /* AEPServices */; };
		6791C88E28CEBDE000033A23 /* AEPSignal in Frameworks */ = {isa = PBXBuildFile; productRef = 6791C88D28CEBDE000033A23 /* AEPSignal */; };
		6791C89028CEBDE500033A23 /* AEPAssurance in Frameworks */ = {isa = PBXBuildFile; productRef = 6791C88F28CEBDE500033A23 /* AEPAssurance */; };
		6791C89328CEBDF100033A23 /* UserNotificationsUI.framework in Frameworks */ = {isa = PBXBuildFile; fileRef = 6791C89128CEBDF100033A23 /* UserNotificationsUI.framework */; };
		6791C89428CEBDF100033A23 /* UserNotifications.framework in Frameworks */ = {isa = PBXBuildFile; fileRef = 6791C89228CEBDF100033A23 /* UserNotifications.framework */; };
		6791C89628CEBDFB00033A23 /* WatchKit.framework in Frameworks */ = {isa = PBXBuildFile; fileRef = 6791C89528CEBDFB00033A23 /* WatchKit.framework */; };
		6791C89828CEBE2F00033A23 /* CoreView.swift in Sources */ = {isa = PBXBuildFile; fileRef = 6791C89728CEBE2F00033A23 /* CoreView.swift */; };
		6791C89A28CEBE6800033A23 /* ButtonStyle.swift in Sources */ = {isa = PBXBuildFile; fileRef = 6791C89928CEBE6800033A23 /* ButtonStyle.swift */; };
/* End PBXBuildFile section */

/* Begin PBXContainerItemProxy section */
		6767659228CEB93B00DB6C85 /* PBXContainerItemProxy */ = {
			isa = PBXContainerItemProxy;
			containerPortal = 6767658428CEB93B00DB6C85 /* Project object */;
			proxyType = 1;
			remoteGlobalIDString = 6767658F28CEB93B00DB6C85;
			remoteInfo = "CNNUseCase Watch App";
		};
/* End PBXContainerItemProxy section */

/* Begin PBXCopyFilesBuildPhase section */
		676765A328CEB93C00DB6C85 /* Embed Watch Content */ = {
			isa = PBXCopyFilesBuildPhase;
			buildActionMask = 2147483647;
			dstPath = "$(CONTENTS_FOLDER_PATH)/Watch";
			dstSubfolderSpec = 16;
			files = (
				6767659128CEB93B00DB6C85 /* CNNUseCase Watch App.app in Embed Watch Content */,
			);
			name = "Embed Watch Content";
			runOnlyForDeploymentPostprocessing = 0;
		};
/* End PBXCopyFilesBuildPhase section */

/* Begin PBXFileReference section */
		6767658A28CEB93B00DB6C85 /* CNNUseCase.app */ = {isa = PBXFileReference; explicitFileType = wrapper.application; includeInIndex = 0; path = CNNUseCase.app; sourceTree = BUILT_PRODUCTS_DIR; };
		6767659028CEB93B00DB6C85 /* CNNUseCase Watch App.app */ = {isa = PBXFileReference; explicitFileType = wrapper.application; includeInIndex = 0; path = "CNNUseCase Watch App.app"; sourceTree = BUILT_PRODUCTS_DIR; };
		6767659528CEB93B00DB6C85 /* CNNUseCaseApp.swift */ = {isa = PBXFileReference; lastKnownFileType = sourcecode.swift; path = CNNUseCaseApp.swift; sourceTree = "<group>"; };
		6767659728CEB93B00DB6C85 /* ContentView.swift */ = {isa = PBXFileReference; lastKnownFileType = sourcecode.swift; path = ContentView.swift; sourceTree = "<group>"; };
		6767659928CEB93C00DB6C85 /* Assets.xcassets */ = {isa = PBXFileReference; lastKnownFileType = folder.assetcatalog; path = Assets.xcassets; sourceTree = "<group>"; };
		6767659C28CEB93C00DB6C85 /* Preview Assets.xcassets */ = {isa = PBXFileReference; lastKnownFileType = folder.assetcatalog; path = "Preview Assets.xcassets"; sourceTree = "<group>"; };
		676765A728CEB97600DB6C85 /* MenuView.swift */ = {isa = PBXFileReference; lastKnownFileType = sourcecode.swift; path = MenuView.swift; sourceTree = "<group>"; };
		676765A928CEB9A700DB6C85 /* ExtensionDelegate.swift */ = {isa = PBXFileReference; lastKnownFileType = sourcecode.swift; path = ExtensionDelegate.swift; sourceTree = "<group>"; };
		676765AC28CEBA2900DB6C85 /* aepsdk-core-ios */ = {isa = PBXFileReference; lastKnownFileType = wrapper; name = "aepsdk-core-ios"; path = "../SDKs/aepsdk-core-ios"; sourceTree = "<group>"; };
		676765B028CEBAD200DB6C85 /* aepsdk-assurance-ios */ = {isa = PBXFileReference; lastKnownFileType = wrapper; name = "aepsdk-assurance-ios"; path = "../SDKs/aepsdk-assurance-ios"; sourceTree = "<group>"; };
		6791C89128CEBDF100033A23 /* UserNotificationsUI.framework */ = {isa = PBXFileReference; lastKnownFileType = wrapper.framework; name = UserNotificationsUI.framework; path = Platforms/WatchOS.platform/Developer/SDKs/WatchOS9.0.sdk/System/Library/Frameworks/UserNotificationsUI.framework; sourceTree = DEVELOPER_DIR; };
		6791C89228CEBDF100033A23 /* UserNotifications.framework */ = {isa = PBXFileReference; lastKnownFileType = wrapper.framework; name = UserNotifications.framework; path = Platforms/WatchOS.platform/Developer/SDKs/WatchOS9.0.sdk/System/Library/Frameworks/UserNotifications.framework; sourceTree = DEVELOPER_DIR; };
		6791C89528CEBDFB00033A23 /* WatchKit.framework */ = {isa = PBXFileReference; lastKnownFileType = wrapper.framework; name = WatchKit.framework; path = Platforms/WatchOS.platform/Developer/SDKs/WatchOS9.0.sdk/System/Library/Frameworks/WatchKit.framework; sourceTree = DEVELOPER_DIR; };
		6791C89728CEBE2F00033A23 /* CoreView.swift */ = {isa = PBXFileReference; lastKnownFileType = sourcecode.swift; path = CoreView.swift; sourceTree = "<group>"; };
		6791C89928CEBE6800033A23 /* ButtonStyle.swift */ = {isa = PBXFileReference; lastKnownFileType = sourcecode.swift; path = ButtonStyle.swift; sourceTree = "<group>"; };
		6791C89B28CEC28700033A23 /* CNNUseCase Watch App.entitlements */ = {isa = PBXFileReference; lastKnownFileType = text.plist.entitlements; path = "CNNUseCase Watch App.entitlements"; sourceTree = "<group>"; };
		6791C89C28CEC2A500033A23 /* CNNUseCase-Watch-App-Info.plist */ = {isa = PBXFileReference; lastKnownFileType = text.plist; path = "CNNUseCase-Watch-App-Info.plist"; sourceTree = SOURCE_ROOT; };
/* End PBXFileReference section */

/* Begin PBXFrameworksBuildPhase section */
		6767658D28CEB93B00DB6C85 /* Frameworks */ = {
			isa = PBXFrameworksBuildPhase;
			buildActionMask = 2147483647;
			files = (
				6791C87728CEBD8100033A23 /* AEPUserProfile in Frameworks */,
				6791C87A28CEBD9200033A23 /* AEPEdgeConsent in Frameworks */,
				6791C88628CEBDE000033A23 /* AEPCore in Frameworks */,
				6791C89628CEBDFB00033A23 /* WatchKit.framework in Frameworks */,
				6791C88828CEBDE000033A23 /* AEPIdentity in Frameworks */,
				6791C88328CEBDBA00033A23 /* AEPMessaging in Frameworks */,
				6791C88C28CEBDE000033A23 /* AEPServices in Frameworks */,
				6791C89428CEBDF100033A23 /* UserNotifications.framework in Frameworks */,
				6791C88028CEBDAC00033A23 /* AEPEdgeIdentity in Frameworks */,
				6791C87D28CEBD9E00033A23 /* AEPEdge in Frameworks */,
				6791C87428CEBD7400033A23 /* AEPOptimize in Frameworks */,
				6791C88A28CEBDE000033A23 /* AEPLifecycle in Frameworks */,
				6791C88E28CEBDE000033A23 /* AEPSignal in Frameworks */,
				6791C89328CEBDF100033A23 /* UserNotificationsUI.framework in Frameworks */,
				6791C89028CEBDE500033A23 /* AEPAssurance in Frameworks */,
			);
			runOnlyForDeploymentPostprocessing = 0;
		};
/* End PBXFrameworksBuildPhase section */

/* Begin PBXGroup section */
		6767658328CEB93B00DB6C85 = {
			isa = PBXGroup;
			children = (
				676765AB28CEBA2900DB6C85 /* Packages */,
				6767659428CEB93B00DB6C85 /* CNNUseCase Watch App */,
				6767658B28CEB93B00DB6C85 /* Products */,
				6791C88428CEBDE000033A23 /* Frameworks */,
			);
			sourceTree = "<group>";
		};
		6767658B28CEB93B00DB6C85 /* Products */ = {
			isa = PBXGroup;
			children = (
				6767658A28CEB93B00DB6C85 /* CNNUseCase.app */,
				6767659028CEB93B00DB6C85 /* CNNUseCase Watch App.app */,
			);
			name = Products;
			sourceTree = "<group>";
		};
		6767659428CEB93B00DB6C85 /* CNNUseCase Watch App */ = {
			isa = PBXGroup;
			children = (
				6791C89C28CEC2A500033A23 /* CNNUseCase-Watch-App-Info.plist */,
				6791C89B28CEC28700033A23 /* CNNUseCase Watch App.entitlements */,
				6767659528CEB93B00DB6C85 /* CNNUseCaseApp.swift */,
				676765A728CEB97600DB6C85 /* MenuView.swift */,
				6767659728CEB93B00DB6C85 /* ContentView.swift */,
				676765A928CEB9A700DB6C85 /* ExtensionDelegate.swift */,
				6791C89728CEBE2F00033A23 /* CoreView.swift */,
				6767659928CEB93C00DB6C85 /* Assets.xcassets */,
				6767659B28CEB93C00DB6C85 /* Preview Content */,
				6791C89928CEBE6800033A23 /* ButtonStyle.swift */,
			);
			path = "CNNUseCase Watch App";
			sourceTree = "<group>";
		};
		6767659B28CEB93C00DB6C85 /* Preview Content */ = {
			isa = PBXGroup;
			children = (
				6767659C28CEB93C00DB6C85 /* Preview Assets.xcassets */,
			);
			path = "Preview Content";
			sourceTree = "<group>";
		};
		676765AB28CEBA2900DB6C85 /* Packages */ = {
			isa = PBXGroup;
			children = (
				676765AC28CEBA2900DB6C85 /* aepsdk-core-ios */,
				676765B028CEBAD200DB6C85 /* aepsdk-assurance-ios */,
			);
			name = Packages;
			sourceTree = "<group>";
		};
		6791C88428CEBDE000033A23 /* Frameworks */ = {
			isa = PBXGroup;
			children = (
				6791C89528CEBDFB00033A23 /* WatchKit.framework */,
				6791C89228CEBDF100033A23 /* UserNotifications.framework */,
				6791C89128CEBDF100033A23 /* UserNotificationsUI.framework */,
			);
			name = Frameworks;
			sourceTree = "<group>";
		};
/* End PBXGroup section */

/* Begin PBXNativeTarget section */
		6767658928CEB93B00DB6C85 /* CNNUseCase */ = {
			isa = PBXNativeTarget;
			buildConfigurationList = 676765A428CEB93C00DB6C85 /* Build configuration list for PBXNativeTarget "CNNUseCase" */;
			buildPhases = (
				6767658828CEB93B00DB6C85 /* Resources */,
				676765A328CEB93C00DB6C85 /* Embed Watch Content */,
			);
			buildRules = (
			);
			dependencies = (
				6767659328CEB93B00DB6C85 /* PBXTargetDependency */,
			);
			name = CNNUseCase;
			productName = CNNUseCase;
			productReference = 6767658A28CEB93B00DB6C85 /* CNNUseCase.app */;
			productType = "com.apple.product-type.application.watchapp2-container";
		};
		6767658F28CEB93B00DB6C85 /* CNNUseCase Watch App */ = {
			isa = PBXNativeTarget;
			buildConfigurationList = 676765A028CEB93C00DB6C85 /* Build configuration list for PBXNativeTarget "CNNUseCase Watch App" */;
			buildPhases = (
				6767658C28CEB93B00DB6C85 /* Sources */,
				6767658D28CEB93B00DB6C85 /* Frameworks */,
				6767658E28CEB93B00DB6C85 /* Resources */,
			);
			buildRules = (
			);
			dependencies = (
			);
			name = "CNNUseCase Watch App";
			packageProductDependencies = (
				6791C87328CEBD7400033A23 /* AEPOptimize */,
				6791C87628CEBD8100033A23 /* AEPUserProfile */,
				6791C87928CEBD9200033A23 /* AEPEdgeConsent */,
				6791C87C28CEBD9E00033A23 /* AEPEdge */,
				6791C87F28CEBDAC00033A23 /* AEPEdgeIdentity */,
				6791C88228CEBDBA00033A23 /* AEPMessaging */,
				6791C88528CEBDE000033A23 /* AEPCore */,
				6791C88728CEBDE000033A23 /* AEPIdentity */,
				6791C88928CEBDE000033A23 /* AEPLifecycle */,
				6791C88B28CEBDE000033A23 /* AEPServices */,
				6791C88D28CEBDE000033A23 /* AEPSignal */,
				6791C88F28CEBDE500033A23 /* AEPAssurance */,
			);
			productName = "CNNUseCase Watch App";
			productReference = 6767659028CEB93B00DB6C85 /* CNNUseCase Watch App.app */;
			productType = "com.apple.product-type.application";
		};
/* End PBXNativeTarget section */

/* Begin PBXProject section */
		6767658428CEB93B00DB6C85 /* Project object */ = {
			isa = PBXProject;
			attributes = {
				BuildIndependentTargetsInParallel = 1;
				LastSwiftUpdateCheck = 1400;
				LastUpgradeCheck = 1400;
				TargetAttributes = {
					6767658928CEB93B00DB6C85 = {
						CreatedOnToolsVersion = 14.0;
					};
					6767658F28CEB93B00DB6C85 = {
						CreatedOnToolsVersion = 14.0;
					};
				};
			};
			buildConfigurationList = 6767658728CEB93B00DB6C85 /* Build configuration list for PBXProject "CNNUseCase" */;
			compatibilityVersion = "Xcode 14.0";
			developmentRegion = en;
			hasScannedForEncodings = 0;
			knownRegions = (
				en,
				Base,
			);
			mainGroup = 6767658328CEB93B00DB6C85;
			packageReferences = (
				6791C87228CEBD7400033A23 /* XCRemoteSwiftPackageReference "aepsdk-optimize-ios" */,
				6791C87528CEBD8100033A23 /* XCRemoteSwiftPackageReference "aepsdk-userprofile-ios" */,
				6791C87828CEBD9200033A23 /* XCRemoteSwiftPackageReference "aepsdk-edgeconsent-ios" */,
				6791C87B28CEBD9E00033A23 /* XCRemoteSwiftPackageReference "aepsdk-edge-ios" */,
				6791C87E28CEBDAC00033A23 /* XCRemoteSwiftPackageReference "aepsdk-edgeidentity-ios" */,
				6791C88128CEBDBA00033A23 /* XCRemoteSwiftPackageReference "aepsdk-messaging-ios" */,
			);
			productRefGroup = 6767658B28CEB93B00DB6C85 /* Products */;
			projectDirPath = "";
			projectRoot = "";
			targets = (
				6767658928CEB93B00DB6C85 /* CNNUseCase */,
				6767658F28CEB93B00DB6C85 /* CNNUseCase Watch App */,
			);
		};
/* End PBXProject section */

/* Begin PBXResourcesBuildPhase section */
		6767658828CEB93B00DB6C85 /* Resources */ = {
			isa = PBXResourcesBuildPhase;
			buildActionMask = 2147483647;
			files = (
			);
			runOnlyForDeploymentPostprocessing = 0;
		};
		6767658E28CEB93B00DB6C85 /* Resources */ = {
			isa = PBXResourcesBuildPhase;
			buildActionMask = 2147483647;
			files = (
				6767659D28CEB93C00DB6C85 /* Preview Assets.xcassets in Resources */,
				6767659A28CEB93C00DB6C85 /* Assets.xcassets in Resources */,
			);
			runOnlyForDeploymentPostprocessing = 0;
		};
/* End PBXResourcesBuildPhase section */

/* Begin PBXSourcesBuildPhase section */
		6767658C28CEB93B00DB6C85 /* Sources */ = {
			isa = PBXSourcesBuildPhase;
			buildActionMask = 2147483647;
			files = (
				6767659828CEB93B00DB6C85 /* ContentView.swift in Sources */,
				676765A828CEB97600DB6C85 /* MenuView.swift in Sources */,
				6791C89828CEBE2F00033A23 /* CoreView.swift in Sources */,
				6791C89A28CEBE6800033A23 /* ButtonStyle.swift in Sources */,
				676765AA28CEB9A700DB6C85 /* ExtensionDelegate.swift in Sources */,
				6767659628CEB93B00DB6C85 /* CNNUseCaseApp.swift in Sources */,
			);
			runOnlyForDeploymentPostprocessing = 0;
		};
/* End PBXSourcesBuildPhase section */

/* Begin PBXTargetDependency section */
		6767659328CEB93B00DB6C85 /* PBXTargetDependency */ = {
			isa = PBXTargetDependency;
			target = 6767658F28CEB93B00DB6C85 /* CNNUseCase Watch App */;
			targetProxy = 6767659228CEB93B00DB6C85 /* PBXContainerItemProxy */;
		};
/* End PBXTargetDependency section */

/* Begin XCBuildConfiguration section */
		6767659E28CEB93C00DB6C85 /* Debug */ = {
			isa = XCBuildConfiguration;
			buildSettings = {
				ALWAYS_SEARCH_USER_PATHS = NO;
				CLANG_ANALYZER_NONNULL = YES;
				CLANG_ANALYZER_NUMBER_OBJECT_CONVERSION = YES_AGGRESSIVE;
				CLANG_CXX_LANGUAGE_STANDARD = "gnu++20";
				CLANG_ENABLE_MODULES = YES;
				CLANG_ENABLE_OBJC_ARC = YES;
				CLANG_ENABLE_OBJC_WEAK = YES;
				CLANG_WARN_BLOCK_CAPTURE_AUTORELEASING = YES;
				CLANG_WARN_BOOL_CONVERSION = YES;
				CLANG_WARN_COMMA = YES;
				CLANG_WARN_CONSTANT_CONVERSION = YES;
				CLANG_WARN_DEPRECATED_OBJC_IMPLEMENTATIONS = YES;
				CLANG_WARN_DIRECT_OBJC_ISA_USAGE = YES_ERROR;
				CLANG_WARN_DOCUMENTATION_COMMENTS = YES;
				CLANG_WARN_EMPTY_BODY = YES;
				CLANG_WARN_ENUM_CONVERSION = YES;
				CLANG_WARN_INFINITE_RECURSION = YES;
				CLANG_WARN_INT_CONVERSION = YES;
				CLANG_WARN_NON_LITERAL_NULL_CONVERSION = YES;
				CLANG_WARN_OBJC_IMPLICIT_RETAIN_SELF = YES;
				CLANG_WARN_OBJC_LITERAL_CONVERSION = YES;
				CLANG_WARN_OBJC_ROOT_CLASS = YES_ERROR;
				CLANG_WARN_QUOTED_INCLUDE_IN_FRAMEWORK_HEADER = YES;
				CLANG_WARN_RANGE_LOOP_ANALYSIS = YES;
				CLANG_WARN_STRICT_PROTOTYPES = YES;
				CLANG_WARN_SUSPICIOUS_MOVE = YES;
				CLANG_WARN_UNGUARDED_AVAILABILITY = YES_AGGRESSIVE;
				CLANG_WARN_UNREACHABLE_CODE = YES;
				CLANG_WARN__DUPLICATE_METHOD_MATCH = YES;
				COPY_PHASE_STRIP = NO;
				DEBUG_INFORMATION_FORMAT = dwarf;
				ENABLE_STRICT_OBJC_MSGSEND = YES;
				ENABLE_TESTABILITY = YES;
				GCC_C_LANGUAGE_STANDARD = gnu11;
				GCC_DYNAMIC_NO_PIC = NO;
				GCC_NO_COMMON_BLOCKS = YES;
				GCC_OPTIMIZATION_LEVEL = 0;
				GCC_PREPROCESSOR_DEFINITIONS = (
					"DEBUG=1",
					"$(inherited)",
				);
				GCC_WARN_64_TO_32_BIT_CONVERSION = YES;
				GCC_WARN_ABOUT_RETURN_TYPE = YES_ERROR;
				GCC_WARN_UNDECLARED_SELECTOR = YES;
				GCC_WARN_UNINITIALIZED_AUTOS = YES_AGGRESSIVE;
				GCC_WARN_UNUSED_FUNCTION = YES;
				GCC_WARN_UNUSED_VARIABLE = YES;
				MTL_ENABLE_DEBUG_INFO = INCLUDE_SOURCE;
				MTL_FAST_MATH = YES;
				ONLY_ACTIVE_ARCH = YES;
				SWIFT_ACTIVE_COMPILATION_CONDITIONS = DEBUG;
				SWIFT_OPTIMIZATION_LEVEL = "-Onone";
				WATCHOS_DEPLOYMENT_TARGET = 8.0;
			};
			name = Debug;
		};
		6767659F28CEB93C00DB6C85 /* Release */ = {
			isa = XCBuildConfiguration;
			buildSettings = {
				ALWAYS_SEARCH_USER_PATHS = NO;
				CLANG_ANALYZER_NONNULL = YES;
				CLANG_ANALYZER_NUMBER_OBJECT_CONVERSION = YES_AGGRESSIVE;
				CLANG_CXX_LANGUAGE_STANDARD = "gnu++20";
				CLANG_ENABLE_MODULES = YES;
				CLANG_ENABLE_OBJC_ARC = YES;
				CLANG_ENABLE_OBJC_WEAK = YES;
				CLANG_WARN_BLOCK_CAPTURE_AUTORELEASING = YES;
				CLANG_WARN_BOOL_CONVERSION = YES;
				CLANG_WARN_COMMA = YES;
				CLANG_WARN_CONSTANT_CONVERSION = YES;
				CLANG_WARN_DEPRECATED_OBJC_IMPLEMENTATIONS = YES;
				CLANG_WARN_DIRECT_OBJC_ISA_USAGE = YES_ERROR;
				CLANG_WARN_DOCUMENTATION_COMMENTS = YES;
				CLANG_WARN_EMPTY_BODY = YES;
				CLANG_WARN_ENUM_CONVERSION = YES;
				CLANG_WARN_INFINITE_RECURSION = YES;
				CLANG_WARN_INT_CONVERSION = YES;
				CLANG_WARN_NON_LITERAL_NULL_CONVERSION = YES;
				CLANG_WARN_OBJC_IMPLICIT_RETAIN_SELF = YES;
				CLANG_WARN_OBJC_LITERAL_CONVERSION = YES;
				CLANG_WARN_OBJC_ROOT_CLASS = YES_ERROR;
				CLANG_WARN_QUOTED_INCLUDE_IN_FRAMEWORK_HEADER = YES;
				CLANG_WARN_RANGE_LOOP_ANALYSIS = YES;
				CLANG_WARN_STRICT_PROTOTYPES = YES;
				CLANG_WARN_SUSPICIOUS_MOVE = YES;
				CLANG_WARN_UNGUARDED_AVAILABILITY = YES_AGGRESSIVE;
				CLANG_WARN_UNREACHABLE_CODE = YES;
				CLANG_WARN__DUPLICATE_METHOD_MATCH = YES;
				COPY_PHASE_STRIP = NO;
				DEBUG_INFORMATION_FORMAT = "dwarf-with-dsym";
				ENABLE_NS_ASSERTIONS = NO;
				ENABLE_STRICT_OBJC_MSGSEND = YES;
				GCC_C_LANGUAGE_STANDARD = gnu11;
				GCC_NO_COMMON_BLOCKS = YES;
				GCC_WARN_64_TO_32_BIT_CONVERSION = YES;
				GCC_WARN_ABOUT_RETURN_TYPE = YES_ERROR;
				GCC_WARN_UNDECLARED_SELECTOR = YES;
				GCC_WARN_UNINITIALIZED_AUTOS = YES_AGGRESSIVE;
				GCC_WARN_UNUSED_FUNCTION = YES;
				GCC_WARN_UNUSED_VARIABLE = YES;
				MTL_ENABLE_DEBUG_INFO = NO;
				MTL_FAST_MATH = YES;
				SWIFT_COMPILATION_MODE = wholemodule;
				SWIFT_OPTIMIZATION_LEVEL = "-O";
				WATCHOS_DEPLOYMENT_TARGET = 8.0;
			};
			name = Release;
		};
		676765A128CEB93C00DB6C85 /* Debug */ = {
			isa = XCBuildConfiguration;
			buildSettings = {
				ASSETCATALOG_COMPILER_APPICON_NAME = AppIcon;
				ASSETCATALOG_COMPILER_GLOBAL_ACCENT_COLOR_NAME = AccentColor;
				CODE_SIGN_ENTITLEMENTS = "CNNUseCase Watch App/CNNUseCase Watch App.entitlements";
				CODE_SIGN_STYLE = Automatic;
				CURRENT_PROJECT_VERSION = 1;
				DEVELOPMENT_ASSET_PATHS = "\"CNNUseCase Watch App/Preview Content\"";
				DEVELOPMENT_TEAM = W25MXXD3AC;
				ENABLE_PREVIEWS = YES;
				GENERATE_INFOPLIST_FILE = YES;
				INFOPLIST_FILE = "CNNUseCase-Watch-App-Info.plist";
				INFOPLIST_KEY_CFBundleDisplayName = CNNUseCase;
				INFOPLIST_KEY_UISupportedInterfaceOrientations = "UIInterfaceOrientationPortrait UIInterfaceOrientationPortraitUpsideDown";
				INFOPLIST_KEY_WKWatchOnly = YES;
				LD_RUNPATH_SEARCH_PATHS = (
					"$(inherited)",
					"@executable_path/Frameworks",
				);
				MARKETING_VERSION = 1.0;
				PRODUCT_BUNDLE_IDENTIFIER = co.markfrazier.CNNUseCase.watchkitapp;
				PRODUCT_NAME = "$(TARGET_NAME)";
				SDKROOT = watchos;
				SKIP_INSTALL = YES;
				SWIFT_EMIT_LOC_STRINGS = YES;
				SWIFT_VERSION = 5.0;
				TARGETED_DEVICE_FAMILY = 4;
				WATCHOS_DEPLOYMENT_TARGET = 8.0;
			};
			name = Debug;
		};
		676765A228CEB93C00DB6C85 /* Release */ = {
			isa = XCBuildConfiguration;
			buildSettings = {
				ASSETCATALOG_COMPILER_APPICON_NAME = AppIcon;
				ASSETCATALOG_COMPILER_GLOBAL_ACCENT_COLOR_NAME = AccentColor;
				CODE_SIGN_ENTITLEMENTS = "CNNUseCase Watch App/CNNUseCase Watch App.entitlements";
				CODE_SIGN_STYLE = Automatic;
				CURRENT_PROJECT_VERSION = 1;
				DEVELOPMENT_ASSET_PATHS = "\"CNNUseCase Watch App/Preview Content\"";
				DEVELOPMENT_TEAM = W25MXXD3AC;
				ENABLE_PREVIEWS = YES;
				GENERATE_INFOPLIST_FILE = YES;
				INFOPLIST_FILE = "CNNUseCase-Watch-App-Info.plist";
				INFOPLIST_KEY_CFBundleDisplayName = CNNUseCase;
				INFOPLIST_KEY_UISupportedInterfaceOrientations = "UIInterfaceOrientationPortrait UIInterfaceOrientationPortraitUpsideDown";
				INFOPLIST_KEY_WKWatchOnly = YES;
				LD_RUNPATH_SEARCH_PATHS = (
					"$(inherited)",
					"@executable_path/Frameworks",
				);
				MARKETING_VERSION = 1.0;
				PRODUCT_BUNDLE_IDENTIFIER = co.markfrazier.CNNUseCase.watchkitapp;
				PRODUCT_NAME = "$(TARGET_NAME)";
				SDKROOT = watchos;
				SKIP_INSTALL = YES;
				SWIFT_EMIT_LOC_STRINGS = YES;
				SWIFT_VERSION = 5.0;
				TARGETED_DEVICE_FAMILY = 4;
				VALIDATE_PRODUCT = YES;
				WATCHOS_DEPLOYMENT_TARGET = 8.0;
			};
			name = Release;
		};
		676765A528CEB93C00DB6C85 /* Debug */ = {
			isa = XCBuildConfiguration;
			buildSettings = {
				ALWAYS_EMBED_SWIFT_STANDARD_LIBRARIES = YES;
				CODE_SIGN_STYLE = Automatic;
				CURRENT_PROJECT_VERSION = 1;
				DEVELOPMENT_TEAM = W25MXXD3AC;
				INFOPLIST_KEY_CFBundleDisplayName = CNNUseCase;
				MARKETING_VERSION = 1.0;
				PRODUCT_BUNDLE_IDENTIFIER = co.markfrazier.CNNUseCase;
				PRODUCT_NAME = "$(TARGET_NAME)";
				SDKROOT = iphoneos;
				SWIFT_VERSION = 5.0;
			};
			name = Debug;
		};
		676765A628CEB93C00DB6C85 /* Release */ = {
			isa = XCBuildConfiguration;
			buildSettings = {
				ALWAYS_EMBED_SWIFT_STANDARD_LIBRARIES = YES;
				CODE_SIGN_STYLE = Automatic;
				CURRENT_PROJECT_VERSION = 1;
				DEVELOPMENT_TEAM = W25MXXD3AC;
				INFOPLIST_KEY_CFBundleDisplayName = CNNUseCase;
				MARKETING_VERSION = 1.0;
				PRODUCT_BUNDLE_IDENTIFIER = co.markfrazier.CNNUseCase;
				PRODUCT_NAME = "$(TARGET_NAME)";
				SDKROOT = iphoneos;
				SWIFT_VERSION = 5.0;
				VALIDATE_PRODUCT = YES;
			};
			name = Release;
		};
/* End XCBuildConfiguration section */

/* Begin XCConfigurationList section */
		6767658728CEB93B00DB6C85 /* Build configuration list for PBXProject "CNNUseCase" */ = {
			isa = XCConfigurationList;
			buildConfigurations = (
				6767659E28CEB93C00DB6C85 /* Debug */,
				6767659F28CEB93C00DB6C85 /* Release */,
			);
			defaultConfigurationIsVisible = 0;
			defaultConfigurationName = Release;
		};
		676765A028CEB93C00DB6C85 /* Build configuration list for PBXNativeTarget "CNNUseCase Watch App" */ = {
			isa = XCConfigurationList;
			buildConfigurations = (
				676765A128CEB93C00DB6C85 /* Debug */,
				676765A228CEB93C00DB6C85 /* Release */,
			);
			defaultConfigurationIsVisible = 0;
			defaultConfigurationName = Release;
		};
		676765A428CEB93C00DB6C85 /* Build configuration list for PBXNativeTarget "CNNUseCase" */ = {
			isa = XCConfigurationList;
			buildConfigurations = (
				676765A528CEB93C00DB6C85 /* Debug */,
				676765A628CEB93C00DB6C85 /* Release */,
			);
			defaultConfigurationIsVisible = 0;
			defaultConfigurationName = Release;
		};
/* End XCConfigurationList section */

/* Begin XCRemoteSwiftPackageReference section */
		6791C87228CEBD7400033A23 /* XCRemoteSwiftPackageReference "aepsdk-optimize-ios" */ = {
			isa = XCRemoteSwiftPackageReference;
			repositoryURL = "https://github.com/FrazierMark/aepsdk-optimize-ios.git";
			requirement = {
				branch = dev;
				kind = branch;
			};
		};
		6791C87528CEBD8100033A23 /* XCRemoteSwiftPackageReference "aepsdk-userprofile-ios" */ = {
			isa = XCRemoteSwiftPackageReference;
			repositoryURL = "https://github.com/FrazierMark/aepsdk-userprofile-ios";
			requirement = {
				branch = main;
				kind = branch;
			};
		};
		6791C87828CEBD9200033A23 /* XCRemoteSwiftPackageReference "aepsdk-edgeconsent-ios" */ = {
			isa = XCRemoteSwiftPackageReference;
			repositoryURL = "https://github.com/FrazierMark/aepsdk-edgeconsent-ios";
			requirement = {
				branch = main;
				kind = branch;
			};
		};
		6791C87B28CEBD9E00033A23 /* XCRemoteSwiftPackageReference "aepsdk-edge-ios" */ = {
			isa = XCRemoteSwiftPackageReference;
			repositoryURL = "https://github.com/FrazierMark/aepsdk-edge-ios";
			requirement = {
				branch = main;
				kind = branch;
			};
		};
		6791C87E28CEBDAC00033A23 /* XCRemoteSwiftPackageReference "aepsdk-edgeidentity-ios" */ = {
			isa = XCRemoteSwiftPackageReference;
			repositoryURL = "https://github.com/FrazierMark/aepsdk-edgeidentity-ios";
			requirement = {
				branch = main;
				kind = branch;
			};
		};
		6791C88128CEBDBA00033A23 /* XCRemoteSwiftPackageReference "aepsdk-messaging-ios" */ = {
			isa = XCRemoteSwiftPackageReference;
			repositoryURL = "https://github.com/FrazierMark/aepsdk-messaging-ios";
			requirement = {
				branch = main;
				kind = branch;
			};
		};
/* End XCRemoteSwiftPackageReference section */

/* Begin XCSwiftPackageProductDependency section */
		6791C87328CEBD7400033A23 /* AEPOptimize */ = {
			isa = XCSwiftPackageProductDependency;
			package = 6791C87228CEBD7400033A23 /* XCRemoteSwiftPackageReference "aepsdk-optimize-ios" */;
			productName = AEPOptimize;
		};
		6791C87628CEBD8100033A23 /* AEPUserProfile */ = {
			isa = XCSwiftPackageProductDependency;
			package = 6791C87528CEBD8100033A23 /* XCRemoteSwiftPackageReference "aepsdk-userprofile-ios" */;
			productName = AEPUserProfile;
		};
		6791C87928CEBD9200033A23 /* AEPEdgeConsent */ = {
			isa = XCSwiftPackageProductDependency;
			package = 6791C87828CEBD9200033A23 /* XCRemoteSwiftPackageReference "aepsdk-edgeconsent-ios" */;
			productName = AEPEdgeConsent;
		};
		6791C87C28CEBD9E00033A23 /* AEPEdge */ = {
			isa = XCSwiftPackageProductDependency;
			package = 6791C87B28CEBD9E00033A23 /* XCRemoteSwiftPackageReference "aepsdk-edge-ios" */;
			productName = AEPEdge;
		};
		6791C87F28CEBDAC00033A23 /* AEPEdgeIdentity */ = {
			isa = XCSwiftPackageProductDependency;
			package = 6791C87E28CEBDAC00033A23 /* XCRemoteSwiftPackageReference "aepsdk-edgeidentity-ios" */;
			productName = AEPEdgeIdentity;
		};
		6791C88228CEBDBA00033A23 /* AEPMessaging */ = {
			isa = XCSwiftPackageProductDependency;
			package = 6791C88128CEBDBA00033A23 /* XCRemoteSwiftPackageReference "aepsdk-messaging-ios" */;
			productName = AEPMessaging;
		};
		6791C88528CEBDE000033A23 /* AEPCore */ = {
			isa = XCSwiftPackageProductDependency;
			productName = AEPCore;
		};
		6791C88728CEBDE000033A23 /* AEPIdentity */ = {
			isa = XCSwiftPackageProductDependency;
			productName = AEPIdentity;
		};
		6791C88928CEBDE000033A23 /* AEPLifecycle */ = {
			isa = XCSwiftPackageProductDependency;
			productName = AEPLifecycle;
		};
		6791C88B28CEBDE000033A23 /* AEPServices */ = {
			isa = XCSwiftPackageProductDependency;
			productName = AEPServices;
		};
		6791C88D28CEBDE000033A23 /* AEPSignal */ = {
			isa = XCSwiftPackageProductDependency;
			productName = AEPSignal;
		};
		6791C88F28CEBDE500033A23 /* AEPAssurance */ = {
			isa = XCSwiftPackageProductDependency;
			productName = AEPAssurance;
		};
/* End XCSwiftPackageProductDependency section */
	};
	rootObject = 6767658428CEB93B00DB6C85 /* Project object */;
}
